// !$*UTF8*$!
{
	archiveVersion = 1;
	classes = {
	};
	objectVersion = 55;
	objects = {

/* Begin PBXBuildFile section */
		963ECE6628B3BAFA00F23B39 /* AppDelegate.swift in Sources */ = {isa = PBXBuildFile; fileRef = 963ECE6528B3BAFA00F23B39 /* AppDelegate.swift */; };
		963ECE6828B3BAFA00F23B39 /* SceneDelegate.swift in Sources */ = {isa = PBXBuildFile; fileRef = 963ECE6728B3BAFA00F23B39 /* SceneDelegate.swift */; };
		963ECE6A28B3BAFA00F23B39 /* ViewController.swift in Sources */ = {isa = PBXBuildFile; fileRef = 963ECE6928B3BAFA00F23B39 /* ViewController.swift */; };
		963ECE6D28B3BAFA00F23B39 /* Main.storyboard in Resources */ = {isa = PBXBuildFile; fileRef = 963ECE6B28B3BAFA00F23B39 /* Main.storyboard */; };
		963ECE6F28B3BAFD00F23B39 /* Assets.xcassets in Resources */ = {isa = PBXBuildFile; fileRef = 963ECE6E28B3BAFD00F23B39 /* Assets.xcassets */; };
		963ECE7228B3BAFD00F23B39 /* LaunchScreen.storyboard in Resources */ = {isa = PBXBuildFile; fileRef = 963ECE7028B3BAFD00F23B39 /* LaunchScreen.storyboard */; };
		963ECE7C28B3BB9700F23B39 /* nagata.jpg in Resources */ = {isa = PBXBuildFile; fileRef = 963ECE7928B3BB9600F23B39 /* nagata.jpg */; };
		963ECE7D28B3BB9700F23B39 /* taithi.jpg in Resources */ = {isa = PBXBuildFile; fileRef = 963ECE7A28B3BB9600F23B39 /* taithi.jpg */; };
		963ECE7E28B3BB9700F23B39 /* ryo.jpg in Resources */ = {isa = PBXBuildFile; fileRef = 963ECE7B28B3BB9700F23B39 /* ryo.jpg */; };
		963ECE8028B3BEB300F23B39 /* Mentor.swift in Sources */ = {isa = PBXBuildFile; fileRef = 963ECE7F28B3BEB300F23B39 /* Mentor.swift */; };
/* End PBXBuildFile section */

/* Begin PBXFileReference section */
		963ECE6228B3BAFA00F23B39 /* MentorBook.app */ = {isa = PBXFileReference; explicitFileType = wrapper.application; includeInIndex = 0; path = MentorBook.app; sourceTree = BUILT_PRODUCTS_DIR; };
		963ECE6528B3BAFA00F23B39 /* AppDelegate.swift */ = {isa = PBXFileReference; lastKnownFileType = sourcecode.swift; path = AppDelegate.swift; sourceTree = "<group>"; };
		963ECE6728B3BAFA00F23B39 /* SceneDelegate.swift */ = {isa = PBXFileReference; lastKnownFileType = sourcecode.swift; path = SceneDelegate.swift; sourceTree = "<group>"; };
		963ECE6928B3BAFA00F23B39 /* ViewController.swift */ = {isa = PBXFileReference; lastKnownFileType = sourcecode.swift; path = ViewController.swift; sourceTree = "<group>"; };
		963ECE6C28B3BAFA00F23B39 /* Base */ = {isa = PBXFileReference; lastKnownFileType = file.storyboard; name = Base; path = Base.lproj/Main.storyboard; sourceTree = "<group>"; };
		963ECE6E28B3BAFD00F23B39 /* Assets.xcassets */ = {isa = PBXFileReference; lastKnownFileType = folder.assetcatalog; path = Assets.xcassets; sourceTree = "<group>"; };
		963ECE7128B3BAFD00F23B39 /* Base */ = {isa = PBXFileReference; lastKnownFileType = file.storyboard; name = Base; path = Base.lproj/LaunchScreen.storyboard; sourceTree = "<group>"; };
		963ECE7328B3BAFD00F23B39 /* Info.plist */ = {isa = PBXFileReference; lastKnownFileType = text.plist.xml; path = Info.plist; sourceTree = "<group>"; };
		963ECE7928B3BB9600F23B39 /* nagata.jpg */ = {isa = PBXFileReference; lastKnownFileType = image.jpeg; path = nagata.jpg; sourceTree = "<group>"; };
		963ECE7A28B3BB9600F23B39 /* taithi.jpg */ = {isa = PBXFileReference; lastKnownFileType = image.jpeg; path = taithi.jpg; sourceTree = "<group>"; };
		963ECE7B28B3BB9700F23B39 /* ryo.jpg */ = {isa = PBXFileReference; lastKnownFileType = image.jpeg; path = ryo.jpg; sourceTree = "<group>"; };
		963ECE7F28B3BEB300F23B39 /* Mentor.swift */ = {isa = PBXFileReference; lastKnownFileType = sourcecode.swift; path = Mentor.swift; sourceTree = "<group>"; };
/* End PBXFileReference section */

/* Begin PBXFrameworksBuildPhase section */
		963ECE5F28B3BAFA00F23B39 /* Frameworks */ = {
			isa = PBXFrameworksBuildPhase;
			buildActionMask = 2147483647;
			files = (
			);
			runOnlyForDeploymentPostprocessing = 0;
		};
/* End PBXFrameworksBuildPhase section */

/* Begin PBXGroup section */
		963ECE5928B3BAFA00F23B39 = {
			isa = PBXGroup;
			children = (
				963ECE6428B3BAFA00F23B39 /* MentorBook */,
				963ECE6328B3BAFA00F23B39 /* Products */,
			);
			sourceTree = "<group>";
		};
		963ECE6328B3BAFA00F23B39 /* Products */ = {
			isa = PBXGroup;
			children = (
				963ECE6228B3BAFA00F23B39 /* MentorBook.app */,
			);
			name = Products;
			sourceTree = "<group>";
		};
		963ECE6428B3BAFA00F23B39 /* MentorBook */ = {
			isa = PBXGroup;
			children = (
				963ECE7928B3BB9600F23B39 /* nagata.jpg */,
				963ECE7B28B3BB9700F23B39 /* ryo.jpg */,
				963ECE7A28B3BB9600F23B39 /* taithi.jpg */,
				963ECE6528B3BAFA00F23B39 /* AppDelegate.swift */,
				963ECE6728B3BAFA00F23B39 /* SceneDelegate.swift */,
				963ECE6928B3BAFA00F23B39 /* ViewController.swift */,
				963ECE6B28B3BAFA00F23B39 /* Main.storyboard */,
				963ECE6E28B3BAFD00F23B39 /* Assets.xcassets */,
				963ECE7028B3BAFD00F23B39 /* LaunchScreen.storyboard */,
				963ECE7328B3BAFD00F23B39 /* Info.plist */,
				963ECE7F28B3BEB300F23B39 /* Mentor.swift */,
			);
			path = MentorBook;
			sourceTree = "<group>";
		};
/* End PBXGroup section */

/* Begin PBXNativeTarget section */
		963ECE6128B3BAFA00F23B39 /* MentorBook */ = {
			isa = PBXNativeTarget;
			buildConfigurationList = 963ECE7628B3BAFD00F23B39 /* Build configuration list for PBXNativeTarget "MentorBook" */;
			buildPhases = (
				963ECE5E28B3BAFA00F23B39 /* Sources */,
				963ECE5F28B3BAFA00F23B39 /* Frameworks */,
				963ECE6028B3BAFA00F23B39 /* Resources */,
			);
			buildRules = (
			);
			dependencies = (
			);
			name = MentorBook;
			productName = MentorBook;
			productReference = 963ECE6228B3BAFA00F23B39 /* MentorBook.app */;
			productType = "com.apple.product-type.application";
		};
/* End PBXNativeTarget section */

/* Begin PBXProject section */
		963ECE5A28B3BAFA00F23B39 /* Project object */ = {
			isa = PBXProject;
			attributes = {
				BuildIndependentTargetsInParallel = 1;
				LastSwiftUpdateCheck = 1340;
				LastUpgradeCheck = 1340;
				TargetAttributes = {
					963ECE6128B3BAFA00F23B39 = {
						CreatedOnToolsVersion = 13.4.1;
					};
				};
			};
			buildConfigurationList = 963ECE5D28B3BAFA00F23B39 /* Build configuration list for PBXProject "MentorBook" */;
			compatibilityVersion = "Xcode 13.0";
			developmentRegion = en;
			hasScannedForEncodings = 0;
			knownRegions = (
				en,
				Base,
			);
			mainGroup = 963ECE5928B3BAFA00F23B39;
			productRefGroup = 963ECE6328B3BAFA00F23B39 /* Products */;
			projectDirPath = "";
			projectRoot = "";
			targets = (
				963ECE6128B3BAFA00F23B39 /* MentorBook */,
			);
		};
/* End PBXProject section */

/* Begin PBXResourcesBuildPhase section */
		963ECE6028B3BAFA00F23B39 /* Resources */ = {
			isa = PBXResourcesBuildPhase;
			buildActionMask = 2147483647;
			files = (
				963ECE7E28B3BB9700F23B39 /* ryo.jpg in Resources */,
				963ECE7228B3BAFD00F23B39 /* LaunchScreen.storyboard in Resources */,
				963ECE7C28B3BB9700F23B39 /* nagata.jpg in Resources */,
				963ECE6F28B3BAFD00F23B39 /* Assets.xcassets in Resources */,
				963ECE6D28B3BAFA00F23B39 /* Main.storyboard in Resources */,
				963ECE7D28B3BB9700F23B39 /* taithi.jpg in Resources */,
			);
			runOnlyForDeploymentPostprocessing = 0;
		};
/* End PBXResourcesBuildPhase section */

/* Begin PBXSourcesBuildPhase section */
		963ECE5E28B3BAFA00F23B39 /* Sources */ = {
			isa = PBXSourcesBuildPhase;
			buildActionMask = 2147483647;
			files = (
				963ECE8028B3BEB300F23B39 /* Mentor.swift in Sources */,
				963ECE6A28B3BAFA00F23B39 /* ViewController.swift in Sources */,
				963ECE6628B3BAFA00F23B39 /* AppDelegate.swift in Sources */,
				963ECE6828B3BAFA00F23B39 /* SceneDelegate.swift in Sources */,
			);
			runOnlyForDeploymentPostprocessing = 0;
		};
/* End PBXSourcesBuildPhase section */

/* Begin PBXVariantGroup section */
		963ECE6B28B3BAFA00F23B39 /* Main.storyboard */ = {
			isa = PBXVariantGroup;
			children = (
				963ECE6C28B3BAFA00F23B39 /* Base */,
			);
			name = Main.storyboard;
			sourceTree = "<group>";
		};
		963ECE7028B3BAFD00F23B39 /* LaunchScreen.storyboard */ = {
			isa = PBXVariantGroup;
			children = (
				963ECE7128B3BAFD00F23B39 /* Base */,
			);
			name = LaunchScreen.storyboard;
			sourceTree = "<group>";
		};
/* End PBXVariantGroup section */

/* Begin XCBuildConfiguration section */
		963ECE7428B3BAFD00F23B39 /* Debug */ = {
			isa = XCBuildConfiguration;
			buildSettings = {
				ALWAYS_SEARCH_USER_PATHS = NO;
				CLANG_ANALYZER_NONNULL = YES;
				CLANG_ANALYZER_NUMBER_OBJECT_CONVERSION = YES_AGGRESSIVE;
				CLANG_CXX_LANGUAGE_STANDARD = "gnu++17";
				CLANG_ENABLE_MODULES = YES;
				CLANG_ENABLE_OBJC_ARC = YES;
				CLANG_ENABLE_OBJC_WEAK = YES;
				CLANG_WARN_BLOCK_CAPTURE_AUTORELEASING = YES;
				CLANG_WARN_BOOL_CONVERSION = YES;
				CLANG_WARN_COMMA = YES;
				CLANG_WARN_CONSTANT_CONVERSION = YES;
				CLANG_WARN_DEPRECATED_OBJC_IMPLEMENTATIONS = YES;
				CLANG_WARN_DIRECT_OBJC_ISA_USAGE = YES_ERROR;
				CLANG_WARN_DOCUMENTATION_COMMENTS = YES;
				CLANG_WARN_EMPTY_BODY = YES;
				CLANG_WARN_ENUM_CONVERSION = YES;
				CLANG_WARN_INFINITE_RECURSION = YES;
				CLANG_WARN_INT_CONVERSION = YES;
				CLANG_WARN_NON_LITERAL_NULL_CONVERSION = YES;
				CLANG_WARN_OBJC_IMPLICIT_RETAIN_SELF = YES;
				CLANG_WARN_OBJC_LITERAL_CONVERSION = YES;
				CLANG_WARN_OBJC_ROOT_CLASS = YES_ERROR;
				CLANG_WARN_QUOTED_INCLUDE_IN_FRAMEWORK_HEADER = YES;
				CLANG_WARN_RANGE_LOOP_ANALYSIS = YES;
				CLANG_WARN_STRICT_PROTOTYPES = YES;
				CLANG_WARN_SUSPICIOUS_MOVE = YES;
				CLANG_WARN_UNGUARDED_AVAILABILITY = YES_AGGRESSIVE;
				CLANG_WARN_UNREACHABLE_CODE = YES;
				CLANG_WARN__DUPLICATE_METHOD_MATCH = YES;
				COPY_PHASE_STRIP = NO;
				DEBUG_INFORMATION_FORMAT = dwarf;
				ENABLE_STRICT_OBJC_MSGSEND = YES;
				ENABLE_TESTABILITY = YES;
				GCC_C_LANGUAGE_STANDARD = gnu11;
				GCC_DYNAMIC_NO_PIC = NO;
				GCC_NO_COMMON_BLOCKS = YES;
				GCC_OPTIMIZATION_LEVEL = 0;
				GCC_PREPROCESSOR_DEFINITIONS = (
					"DEBUG=1",
					"$(inherited)",
				);
				GCC_WARN_64_TO_32_BIT_CONVERSION = YES;
				GCC_WARN_ABOUT_RETURN_TYPE = YES_ERROR;
				GCC_WARN_UNDECLARED_SELECTOR = YES;
				GCC_WARN_UNINITIALIZED_AUTOS = YES_AGGRESSIVE;
				GCC_WARN_UNUSED_FUNCTION = YES;
				GCC_WARN_UNUSED_VARIABLE = YES;
				IPHONEOS_DEPLOYMENT_TARGET = 15.5;
				MTL_ENABLE_DEBUG_INFO = INCLUDE_SOURCE;
				MTL_FAST_MATH = YES;
				ONLY_ACTIVE_ARCH = YES;
				SDKROOT = iphoneos;
				SWIFT_ACTIVE_COMPILATION_CONDITIONS = DEBUG;
				SWIFT_OPTIMIZATION_LEVEL = "-Onone";
			};
			name = Debug;
		};
		963ECE7528B3BAFD00F23B39 /* Release */ = {
			isa = XCBuildConfiguration;
			buildSettings = {
				ALWAYS_SEARCH_USER_PATHS = NO;
				CLANG_ANALYZER_NONNULL = YES;
				CLANG_ANALYZER_NUMBER_OBJECT_CONVERSION = YES_AGGRESSIVE;
				CLANG_CXX_LANGUAGE_STANDARD = "gnu++17";
				CLANG_ENABLE_MODULES = YES;
				CLANG_ENABLE_OBJC_ARC = YES;
				CLANG_ENABLE_OBJC_WEAK = YES;
				CLANG_WARN_BLOCK_CAPTURE_AUTORELEASING = YES;
				CLANG_WARN_BOOL_CONVERSION = YES;
				CLANG_WARN_COMMA = YES;
				CLANG_WARN_CONSTANT_CONVERSION = YES;
				CLANG_WARN_DEPRECATED_OBJC_IMPLEMENTATIONS = YES;
				CLANG_WARN_DIRECT_OBJC_ISA_USAGE = YES_ERROR;
				CLANG_WARN_DOCUMENTATION_COMMENTS = YES;
				CLANG_WARN_EMPTY_BODY = YES;
				CLANG_WARN_ENUM_CONVERSION = YES;
				CLANG_WARN_INFINITE_RECURSION = YES;
				CLANG_WARN_INT_CONVERSION = YES;
				CLANG_WARN_NON_LITERAL_NULL_CONVERSION = YES;
				CLANG_WARN_OBJC_IMPLICIT_RETAIN_SELF = YES;
				CLANG_WARN_OBJC_LITERAL_CONVERSION = YES;
				CLANG_WARN_OBJC_ROOT_CLASS = YES_ERROR;
				CLANG_WARN_QUOTED_INCLUDE_IN_FRAMEWORK_HEADER = YES;
				CLANG_WARN_RANGE_LOOP_ANALYSIS = YES;
				CLANG_WARN_STRICT_PROTOTYPES = YES;
				CLANG_WARN_SUSPICIOUS_MOVE = YES;
				CLANG_WARN_UNGUARDED_AVAILABILITY = YES_AGGRESSIVE;
				CLANG_WARN_UNREACHABLE_CODE = YES;
				CLANG_WARN__DUPLICATE_METHOD_MATCH = YES;
				COPY_PHASE_STRIP = NO;
				DEBUG_INFORMATION_FORMAT = "dwarf-with-dsym";
				ENABLE_NS_ASSERTIONS = NO;
				ENABLE_STRICT_OBJC_MSGSEND = YES;
				GCC_C_LANGUAGE_STANDARD = gnu11;
				GCC_NO_COMMON_BLOCKS = YES;
				GCC_WARN_64_TO_32_BIT_CONVERSION = YES;
				GCC_WARN_ABOUT_RETURN_TYPE = YES_ERROR;
				GCC_WARN_UNDECLARED_SELECTOR = YES;
				GCC_WARN_UNINITIALIZED_AUTOS = YES_AGGRESSIVE;
				GCC_WARN_UNUSED_FUNCTION = YES;
				GCC_WARN_UNUSED_VARIABLE = YES;
				IPHONEOS_DEPLOYMENT_TARGET = 15.5;
				MTL_ENABLE_DEBUG_INFO = NO;
				MTL_FAST_MATH = YES;
				SDKROOT = iphoneos;
				SWIFT_COMPILATION_MODE = wholemodule;
				SWIFT_OPTIMIZATION_LEVEL = "-O";
				VALIDATE_PRODUCT = YES;
			};
			name = Release;
		};
		963ECE7728B3BAFD00F23B39 /* Debug */ = {
			isa = XCBuildConfiguration;
			buildSettings = {
				ASSETCATALOG_COMPILER_APPICON_NAME = AppIcon;
				ASSETCATALOG_COMPILER_GLOBAL_ACCENT_COLOR_NAME = AccentColor;
				CODE_SIGN_STYLE = Automatic;
				CURRENT_PROJECT_VERSION = 1;
				GENERATE_INFOPLIST_FILE = YES;
				INFOPLIST_FILE = MentorBook/Info.plist;
				INFOPLIST_KEY_UIApplicationSupportsIndirectInputEvents = YES;
				INFOPLIST_KEY_UILaunchStoryboardName = LaunchScreen;
				INFOPLIST_KEY_UIMainStoryboardFile = Main;
				INFOPLIST_KEY_UISupportedInterfaceOrientations_iPad = "UIInterfaceOrientationPortrait UIInterfaceOrientationPortraitUpsideDown UIInterfaceOrientationLandscapeLeft UIInterfaceOrientationLandscapeRight";
				INFOPLIST_KEY_UISupportedInterfaceOrientations_iPhone = "UIInterfaceOrientationPortrait UIInterfaceOrientationLandscapeLeft UIInterfaceOrientationLandscapeRight";
				LD_RUNPATH_SEARCH_PATHS = (
					"$(inherited)",
					"@executable_path/Frameworks",
				);
				MARKETING_VERSION = 1.0;
				PRODUCT_BUNDLE_IDENTIFIER = app.hori.moat.MentorBook;
				PRODUCT_NAME = "$(TARGET_NAME)";
				SWIFT_EMIT_LOC_STRINGS = YES;
				SWIFT_VERSION = 5.0;
				TARGETED_DEVICE_FAMILY = "1,2";
			};
			name = Debug;
		};
		963ECE7828B3BAFD00F23B39 /* Release */ = {
			isa = XCBuildConfiguration;
			buildSettings = {
				ASSETCATALOG_COMPILER_APPICON_NAME = AppIcon;
				ASSETCATALOG_COMPILER_GLOBAL_ACCENT_COLOR_NAME = AccentColor;
				CODE_SIGN_STYLE = Automatic;
				CURRENT_PROJECT_VERSION = 1;
				GENERATE_INFOPLIST_FILE = YES;
				INFOPLIST_FILE = MentorBook/Info.plist;
				INFOPLIST_KEY_UIApplicationSupportsIndirectInputEvents = YES;
				INFOPLIST_KEY_UILaunchStoryboardName = LaunchScreen;
				INFOPLIST_KEY_UIMainStoryboardFile = Main;
				INFOPLIST_KEY_UISupportedInterfaceOrientations_iPad = "UIInterfaceOrientationPortrait UIInterfaceOrientationPortraitUpsideDown UIInterfaceOrientationLandscapeLeft UIInterfaceOrientationLandscapeRight";
				INFOPLIST_KEY_UISupportedInterfaceOrientations_iPhone = "UIInterfaceOrientationPortrait UIInterfaceOrientationLandscapeLeft UIInterfaceOrientationLandscapeRight";
				LD_RUNPATH_SEARCH_PATHS = (
					"$(inherited)",
					"@executable_path/Frameworks",
				);
				MARKETING_VERSION = 1.0;
				PRODUCT_BUNDLE_IDENTIFIER = app.hori.moat.MentorBook;
				PRODUCT_NAME = "$(TARGET_NAME)";
				SWIFT_EMIT_LOC_STRINGS = YES;
				SWIFT_VERSION = 5.0;
				TARGETED_DEVICE_FAMILY = "1,2";
			};
			name = Release;
		};
/* End XCBuildConfiguration section */

/* Begin XCConfigurationList section */
		963ECE5D28B3BAFA00F23B39 /* Build configuration list for PBXProject "MentorBook" */ = {
			isa = XCConfigurationList;
			buildConfigurations = (
				963ECE7428B3BAFD00F23B39 /* Debug */,
				963ECE7528B3BAFD00F23B39 /* Release */,
			);
			defaultConfigurationIsVisible = 0;
			defaultConfigurationName = Release;
		};
		963ECE7628B3BAFD00F23B39 /* Build configuration list for PBXNativeTarget "MentorBook" */ = {
			isa = XCConfigurationList;
			buildConfigurations = (
				963ECE7728B3BAFD00F23B39 /* Debug */,
				963ECE7828B3BAFD00F23B39 /* Release */,
			);
			defaultConfigurationIsVisible = 0;
			defaultConfigurationName = Release;
		};
/* End XCConfigurationList section */
	};
	rootObject = 963ECE5A28B3BAFA00F23B39 /* Project object */;
}
